
Microsoft Visual Studio Solution File, Format Version 12.00
# Visual Studio Version 16
VisualStudioVersion = 16.0.32126.315
MinimumVisualStudioVersion = 10.0.40219.1
Project("{FAE04EC0-301F-11D3-BF4B-00C04F79EFBC}") = "App2.Android", "App2\App2.Android\App2.Android.csproj", "{B4BF205B-5BEE-47D4-8762-925607A6148E}"
EndProject
Project("{FAE04EC0-301F-11D3-BF4B-00C04F79EFBC}") = "App2.iOS", "App2\App2.iOS\App2.iOS.csproj", "{27DE9C57-AF9D-40A7-8F20-7B7DCA099C46}"
EndProject
Project("{FAE04EC0-301F-11D3-BF4B-00C04F79EFBC}") = "App2", "App2\App2\App2.csproj", "{7ED2ADDE-1DCE-47DA-8117-AE5BFA513D62}"
EndProject
Global
	GlobalSection(SolutionConfigurationPlatforms) = preSolution
		Debug|Any CPU = Debug|Any CPU
		Debug|iPhone = Debug|iPhone
		Debug|iPhoneSimulator = Debug|iPhoneSimulator
		Release|Any CPU = Release|Any CPU
		Release|iPhone = Release|iPhone
		Release|iPhoneSimulator = Release|iPhoneSimulator
	EndGlobalSection
	GlobalSection(ProjectConfigurationPlatforms) = postSolution
		{B4BF205B-5BEE-47D4-8762-925607A6148E}.Debug|Any CPU.ActiveCfg = Debug|Any CPU
		{B4BF205B-5BEE-47D4-8762-925607A6148E}.Debug|Any CPU.Build.0 = Debug|Any CPU
		{B4BF205B-5BEE-47D4-8762-925607A6148E}.Debug|Any CPU.Deploy.0 = Debug|Any CPU
		{B4BF205B-5BEE-47D4-8762-925607A6148E}.Debug|iPhone.ActiveCfg = Debug|Any CPU
		{B4BF205B-5BEE-47D4-8762-925607A6148E}.Debug|iPhone.Build.0 = Debug|Any CPU
		{B4BF205B-5BEE-47D4-8762-925607A6148E}.Debug|iPhone.Deploy.0 = Debug|Any CPU
		{B4BF205B-5BEE-47D4-8762-925607A6148E}.Debug|iPhoneSimulator.ActiveCfg = Debug|Any CPU
		{B4BF205B-5BEE-47D4-8762-925607A6148E}.Debug|iPhoneSimulator.Build.0 = Debug|Any CPU
		{B4BF205B-5BEE-47D4-8762-925607A6148E}.Debug|iPhoneSimulator.Deploy.0 = Debug|Any CPU
		{B4BF205B-5BEE-47D4-8762-925607A6148E}.Release|Any CPU.ActiveCfg = Release|Any CPU
		{B4BF205B-5BEE-47D4-8762-925607A6148E}.Release|Any CPU.Build.0 = Release|Any CPU
		{B4BF205B-5BEE-47D4-8762-925607A6148E}.Release|Any CPU.Deploy.0 = Release|Any CPU
		{B4BF205B-5BEE-47D4-8762-925607A6148E}.Release|iPhone.ActiveCfg = Release|Any CPU
		{B4BF205B-5BEE-47D4-8762-925607A6148E}.Release|iPhone.Build.0 = Release|Any CPU
		{B4BF205B-5BEE-47D4-8762-925607A6148E}.Release|iPhone.Deploy.0 = Release|Any CPU
		{B4BF205B-5BEE-47D4-8762-925607A6148E}.Release|iPhoneSimulator.ActiveCfg = Release|Any CPU
		{B4BF205B-5BEE-47D4-8762-925607A6148E}.Release|iPhoneSimulator.Build.0 = Release|Any CPU
		{B4BF205B-5BEE-47D4-8762-925607A6148E}.Release|iPhoneSimulator.Deploy.0 = Release|Any CPU
		{27DE9C57-AF9D-40A7-8F20-7B7DCA099C46}.Debug|Any CPU.ActiveCfg = Debug|iPhone
		{27DE9C57-AF9D-40A7-8F20-7B7DCA099C46}.Debug|Any CPU.Build.0 = Debug|iPhone
		{27DE9C57-AF9D-40A7-8F20-7B7DCA099C46}.Debug|Any CPU.Deploy.0 = Debug|iPhone
		{27DE9C57-AF9D-40A7-8F20-7B7DCA099C46}.Debug|iPhone.ActiveCfg = Debug|iPhone
		{27DE9C57-AF9D-40A7-8F20-7B7DCA099C46}.Debug|iPhone.Build.0 = Debug|iPhone
		{27DE9C57-AF9D-40A7-8F20-7B7DCA099C46}.Debug|iPhone.Deploy.0 = Debug|iPhone
		{27DE9C57-AF9D-40A7-8F20-7B7DCA099C46}.Debug|iPhoneSimulator.ActiveCfg = Debug|iPhoneSimulator
		{27DE9C57-AF9D-40A7-8F20-7B7DCA099C46}.Debug|iPhoneSimulator.Build.0 = Debug|iPhoneSimulator
		{27DE9C57-AF9D-40A7-8F20-7B7DCA099C46}.Debug|iPhoneSimulator.Deploy.0 = Debug|iPhoneSimulator
		{27DE9C57-AF9D-40A7-8F20-7B7DCA099C46}.Release|Any CPU.ActiveCfg = Release|iPhoneSimulator
		{27DE9C57-AF9D-40A7-8F20-7B7DCA099C46}.Release|Any CPU.Build.0 = Release|iPhoneSimulator
		{27DE9C57-AF9D-40A7-8F20-7B7DCA099C46}.Release|Any CPU.Deploy.0 = Release|iPhoneSimulator
		{27DE9C57-AF9D-40A7-8F20-7B7DCA099C46}.Release|iPhone.ActiveCfg = Release|iPhone
		{27DE9C57-AF9D-40A7-8F20-7B7DCA099C46}.Release|iPhone.Build.0 = Release|iPhone
		{27DE9C57-AF9D-40A7-8F20-7B7DCA099C46}.Release|iPhone.Deploy.0 = Release|iPhone
		{27DE9C57-AF9D-40A7-8F20-7B7DCA099C46}.Release|iPhoneSimulator.ActiveCfg = Release|iPhoneSimulator
		{27DE9C57-AF9D-40A7-8F20-7B7DCA099C46}.Release|iPhoneSimulator.Build.0 = Release|iPhoneSimulator
		{27DE9C57-AF9D-40A7-8F20-7B7DCA099C46}.Release|iPhoneSimulator.Deploy.0 = Release|iPhoneSimulator
		{7ED2ADDE-1DCE-47DA-8117-AE5BFA513D62}.Debug|Any CPU.ActiveCfg = Debug|Any CPU
		{7ED2ADDE-1DCE-47DA-8117-AE5BFA513D62}.Debug|Any CPU.Build.0 = Debug|Any CPU
		{7ED2ADDE-1DCE-47DA-8117-AE5BFA513D62}.Debug|Any CPU.Deploy.0 = Debug|Any CPU
		{7ED2ADDE-1DCE-47DA-8117-AE5BFA513D62}.Debug|iPhone.ActiveCfg = Debug|Any CPU
		{7ED2ADDE-1DCE-47DA-8117-AE5BFA513D62}.Debug|iPhone.Build.0 = Debug|Any CPU
		{7ED2ADDE-1DCE-47DA-8117-AE5BFA513D62}.Debug|iPhone.Deploy.0 = Debug|Any CPU
		{7ED2ADDE-1DCE-47DA-8117-AE5BFA513D62}.Debug|iPhoneSimulator.ActiveCfg = Debug|Any CPU
		{7ED2ADDE-1DCE-47DA-8117-AE5BFA513D62}.Debug|iPhoneSimulator.Build.0 = Debug|Any CPU
		{7ED2ADDE-1DCE-47DA-8117-AE5BFA513D62}.Debug|iPhoneSimulator.Deploy.0 = Debug|Any CPU
		{7ED2ADDE-1DCE-47DA-8117-AE5BFA513D62}.Release|Any CPU.ActiveCfg = Release|Any CPU
		{7ED2ADDE-1DCE-47DA-8117-AE5BFA513D62}.Release|Any CPU.Build.0 = Release|Any CPU
		{7ED2ADDE-1DCE-47DA-8117-AE5BFA513D62}.Release|Any CPU.Deploy.0 = Release|Any CPU
		{7ED2ADDE-1DCE-47DA-8117-AE5BFA513D62}.Release|iPhone.ActiveCfg = Release|Any CPU
		{7ED2ADDE-1DCE-47DA-8117-AE5BFA513D62}.Release|iPhone.Build.0 = Release|Any CPU
		{7ED2ADDE-1DCE-47DA-8117-AE5BFA513D62}.Release|iPhone.Deploy.0 = Release|Any CPU
		{7ED2ADDE-1DCE-47DA-8117-AE5BFA513D62}.Release|iPhoneSimulator.ActiveCfg = Release|Any CPU
		{7ED2ADDE-1DCE-47DA-8117-AE5BFA513D62}.Release|iPhoneSimulator.Build.0 = Release|Any CPU
		{7ED2ADDE-1DCE-47DA-8117-AE5BFA513D62}.Release|iPhoneSimulator.Deploy.0 = Release|Any CPU
	EndGlobalSection
	GlobalSection(SolutionProperties) = preSolution
		HideSolutionNode = FALSE
	EndGlobalSection
	GlobalSection(ExtensibilityGlobals) = postSolution
		SolutionGuid = {71679D7A-DB11-48D7-9482-3E4CBD9C13C2}
	EndGlobalSection
EndGlobal
